// !$*UTF8*$!
{
	archiveVersion = 1;
	classes = {
	};
	objectVersion = 46;
	objects = {

/* Begin PBXBuildFile section */
		936F61AD22621AF260D18DC2 /* libPods-CurrencyExchangeTests.a in Frameworks */ = {isa = PBXBuildFile; fileRef = F3441BA2358BCDAE02B5ABD1 /* libPods-CurrencyExchangeTests.a */; };
		B03DF214C99A29A08F173054 /* libPods-CurrencyExchange.a in Frameworks */ = {isa = PBXBuildFile; fileRef = 0C92576EADE7B002942802DE /* libPods-CurrencyExchange.a */; };
		C40A6B711F08F69900ABCDFC /* CurrencyExchangeTests.m in Sources */ = {isa = PBXBuildFile; fileRef = C40A6B701F08F69900ABCDFC /* CurrencyExchangeTests.m */; };
		C40A6B7C1F08F69900ABCDFC /* CurrencyExchangeUITests.m in Sources */ = {isa = PBXBuildFile; fileRef = C40A6B7B1F08F69900ABCDFC /* CurrencyExchangeUITests.m */; };
		C40A6B961F08F85E00ABCDFC /* OSTAppDelegate.m in Sources */ = {isa = PBXBuildFile; fileRef = C40A6B8B1F08F85E00ABCDFC /* OSTAppDelegate.m */; };
		C40A6B971F08F85E00ABCDFC /* Info.plist in Resources */ = {isa = PBXBuildFile; fileRef = C40A6B8D1F08F85E00ABCDFC /* Info.plist */; };
		C40A6B981F08F85E00ABCDFC /* main.m in Sources */ = {isa = PBXBuildFile; fileRef = C40A6B8E1F08F85E00ABCDFC /* main.m */; };
		C40A6B991F08F85E00ABCDFC /* Assets.xcassets in Resources */ = {isa = PBXBuildFile; fileRef = C40A6B931F08F85E00ABCDFC /* Assets.xcassets */; };
		C40A6B9A1F08F85E00ABCDFC /* LaunchScreen.storyboard in Resources */ = {isa = PBXBuildFile; fileRef = C40A6B951F08F85E00ABCDFC /* LaunchScreen.storyboard */; };
		C48B873C1F09079400E62900 /* OSTAppAssembly.m in Sources */ = {isa = PBXBuildFile; fileRef = C48B87381F09079400E62900 /* OSTAppAssembly.m */; };
		C48B873D1F09079400E62900 /* OSTHelperAssembly.m in Sources */ = {isa = PBXBuildFile; fileRef = C48B873B1F09079400E62900 /* OSTHelperAssembly.m */; };
		C48B87421F0907C700E62900 /* OSTExchangeVC.m in Sources */ = {isa = PBXBuildFile; fileRef = C48B87401F0907C700E62900 /* OSTExchangeVC.m */; };
		C48B87431F0907C700E62900 /* OSTExchangeVC.xib in Resources */ = {isa = PBXBuildFile; fileRef = C48B87411F0907C700E62900 /* OSTExchangeVC.xib */; };
		C48B87491F0909F900E62900 /* OSTHudHelperImpl.m in Sources */ = {isa = PBXBuildFile; fileRef = C48B87481F0909F900E62900 /* OSTHudHelperImpl.m */; };
		C48B874E1F0A55CA00E62900 /* OSTServerHelperImpl.m in Sources */ = {isa = PBXBuildFile; fileRef = C48B874D1F0A55CA00E62900 /* OSTServerHelperImpl.m */; };
/* End PBXBuildFile section */

/* Begin PBXContainerItemProxy section */
		C40A6B6D1F08F69900ABCDFC /* PBXContainerItemProxy */ = {
			isa = PBXContainerItemProxy;
			containerPortal = C40A6B4B1F08F69900ABCDFC /* Project object */;
			proxyType = 1;
			remoteGlobalIDString = C40A6B521F08F69900ABCDFC;
			remoteInfo = CurrencyExchange;
		};
		C40A6B781F08F69900ABCDFC /* PBXContainerItemProxy */ = {
			isa = PBXContainerItemProxy;
			containerPortal = C40A6B4B1F08F69900ABCDFC /* Project object */;
			proxyType = 1;
			remoteGlobalIDString = C40A6B521F08F69900ABCDFC;
			remoteInfo = CurrencyExchange;
		};
/* End PBXContainerItemProxy section */

/* Begin PBXFileReference section */
		0C92576EADE7B002942802DE /* libPods-CurrencyExchange.a */ = {isa = PBXFileReference; explicitFileType = archive.ar; includeInIndex = 0; path = "libPods-CurrencyExchange.a"; sourceTree = BUILT_PRODUCTS_DIR; };
		66BF13BF919CF58939CCC50C /* Pods-CurrencyExchange.release.xcconfig */ = {isa = PBXFileReference; includeInIndex = 1; lastKnownFileType = text.xcconfig; name = "Pods-CurrencyExchange.release.xcconfig"; path = "Pods/Target Support Files/Pods-CurrencyExchange/Pods-CurrencyExchange.release.xcconfig"; sourceTree = "<group>"; };
		960BD9560C7D467339A0F1EF /* Pods-CurrencyExchangeTests.debug.xcconfig */ = {isa = PBXFileReference; includeInIndex = 1; lastKnownFileType = text.xcconfig; name = "Pods-CurrencyExchangeTests.debug.xcconfig"; path = "Pods/Target Support Files/Pods-CurrencyExchangeTests/Pods-CurrencyExchangeTests.debug.xcconfig"; sourceTree = "<group>"; };
		9F15CA62677988C40E271593 /* Pods-CurrencyExchangeTests.release.xcconfig */ = {isa = PBXFileReference; includeInIndex = 1; lastKnownFileType = text.xcconfig; name = "Pods-CurrencyExchangeTests.release.xcconfig"; path = "Pods/Target Support Files/Pods-CurrencyExchangeTests/Pods-CurrencyExchangeTests.release.xcconfig"; sourceTree = "<group>"; };
		C40A6B531F08F69900ABCDFC /* CurrencyExchange.app */ = {isa = PBXFileReference; explicitFileType = wrapper.application; includeInIndex = 0; path = CurrencyExchange.app; sourceTree = BUILT_PRODUCTS_DIR; };
		C40A6B6C1F08F69900ABCDFC /* CurrencyExchangeTests.xctest */ = {isa = PBXFileReference; explicitFileType = wrapper.cfbundle; includeInIndex = 0; path = CurrencyExchangeTests.xctest; sourceTree = BUILT_PRODUCTS_DIR; };
		C40A6B701F08F69900ABCDFC /* CurrencyExchangeTests.m */ = {isa = PBXFileReference; lastKnownFileType = sourcecode.c.objc; path = CurrencyExchangeTests.m; sourceTree = "<group>"; };
		C40A6B721F08F69900ABCDFC /* Info.plist */ = {isa = PBXFileReference; lastKnownFileType = text.plist.xml; path = Info.plist; sourceTree = "<group>"; };
		C40A6B771F08F69900ABCDFC /* CurrencyExchangeUITests.xctest */ = {isa = PBXFileReference; explicitFileType = wrapper.cfbundle; includeInIndex = 0; path = CurrencyExchangeUITests.xctest; sourceTree = BUILT_PRODUCTS_DIR; };
		C40A6B7B1F08F69900ABCDFC /* CurrencyExchangeUITests.m */ = {isa = PBXFileReference; lastKnownFileType = sourcecode.c.objc; path = CurrencyExchangeUITests.m; sourceTree = "<group>"; };
		C40A6B7D1F08F69900ABCDFC /* Info.plist */ = {isa = PBXFileReference; lastKnownFileType = text.plist.xml; path = Info.plist; sourceTree = "<group>"; };
		C40A6B8A1F08F85E00ABCDFC /* OSTAppDelegate.h */ = {isa = PBXFileReference; fileEncoding = 4; lastKnownFileType = sourcecode.c.h; path = OSTAppDelegate.h; sourceTree = "<group>"; };
		C40A6B8B1F08F85E00ABCDFC /* OSTAppDelegate.m */ = {isa = PBXFileReference; fileEncoding = 4; lastKnownFileType = sourcecode.c.objc; path = OSTAppDelegate.m; sourceTree = "<group>"; };
		C40A6B8D1F08F85E00ABCDFC /* Info.plist */ = {isa = PBXFileReference; fileEncoding = 4; lastKnownFileType = text.plist.xml; path = Info.plist; sourceTree = "<group>"; };
		C40A6B8E1F08F85E00ABCDFC /* main.m */ = {isa = PBXFileReference; fileEncoding = 4; lastKnownFileType = sourcecode.c.objc; path = main.m; sourceTree = "<group>"; };
		C40A6B931F08F85E00ABCDFC /* Assets.xcassets */ = {isa = PBXFileReference; lastKnownFileType = folder.assetcatalog; path = Assets.xcassets; sourceTree = "<group>"; };
		C40A6B951F08F85E00ABCDFC /* LaunchScreen.storyboard */ = {isa = PBXFileReference; fileEncoding = 4; lastKnownFileType = file.storyboard; path = LaunchScreen.storyboard; sourceTree = "<group>"; };
		C40A6B9B1F08FAC800ABCDFC /* CurrencyExchange-Prefix.pch */ = {isa = PBXFileReference; lastKnownFileType = sourcecode.c.h; path = "CurrencyExchange-Prefix.pch"; sourceTree = "<group>"; };
		C48B87371F09079400E62900 /* OSTAppAssembly.h */ = {isa = PBXFileReference; fileEncoding = 4; lastKnownFileType = sourcecode.c.h; path = OSTAppAssembly.h; sourceTree = "<group>"; };
		C48B87381F09079400E62900 /* OSTAppAssembly.m */ = {isa = PBXFileReference; fileEncoding = 4; lastKnownFileType = sourcecode.c.objc; path = OSTAppAssembly.m; sourceTree = "<group>"; };
		C48B873A1F09079400E62900 /* OSTHelperAssembly.h */ = {isa = PBXFileReference; fileEncoding = 4; lastKnownFileType = sourcecode.c.h; path = OSTHelperAssembly.h; sourceTree = "<group>"; };
		C48B873B1F09079400E62900 /* OSTHelperAssembly.m */ = {isa = PBXFileReference; fileEncoding = 4; lastKnownFileType = sourcecode.c.objc; path = OSTHelperAssembly.m; sourceTree = "<group>"; };
		C48B873F1F0907C700E62900 /* OSTExchangeVC.h */ = {isa = PBXFileReference; fileEncoding = 4; lastKnownFileType = sourcecode.c.h; path = OSTExchangeVC.h; sourceTree = "<group>"; };
		C48B87401F0907C700E62900 /* OSTExchangeVC.m */ = {isa = PBXFileReference; fileEncoding = 4; lastKnownFileType = sourcecode.c.objc; path = OSTExchangeVC.m; sourceTree = "<group>"; };
		C48B87411F0907C700E62900 /* OSTExchangeVC.xib */ = {isa = PBXFileReference; fileEncoding = 4; lastKnownFileType = file.xib; path = OSTExchangeVC.xib; sourceTree = "<group>"; };
		C48B87461F0909F900E62900 /* OSTHudHelper.h */ = {isa = PBXFileReference; fileEncoding = 4; lastKnownFileType = sourcecode.c.h; path = OSTHudHelper.h; sourceTree = "<group>"; };
		C48B87471F0909F900E62900 /* OSTHudHelperImpl.h */ = {isa = PBXFileReference; fileEncoding = 4; lastKnownFileType = sourcecode.c.h; path = OSTHudHelperImpl.h; sourceTree = "<group>"; };
		C48B87481F0909F900E62900 /* OSTHudHelperImpl.m */ = {isa = PBXFileReference; fileEncoding = 4; lastKnownFileType = sourcecode.c.objc; path = OSTHudHelperImpl.m; sourceTree = "<group>"; };
		C48B874B1F0A55CA00E62900 /* OSTServerHelper.h */ = {isa = PBXFileReference; fileEncoding = 4; lastKnownFileType = sourcecode.c.h; path = OSTServerHelper.h; sourceTree = "<group>"; };
		C48B874C1F0A55CA00E62900 /* OSTServerHelperImpl.h */ = {isa = PBXFileReference; fileEncoding = 4; lastKnownFileType = sourcecode.c.h; path = OSTServerHelperImpl.h; sourceTree = "<group>"; };
		C48B874D1F0A55CA00E62900 /* OSTServerHelperImpl.m */ = {isa = PBXFileReference; fileEncoding = 4; lastKnownFileType = sourcecode.c.objc; path = OSTServerHelperImpl.m; sourceTree = "<group>"; };
		CD7585DFD03C7BA2D1BD1852 /* Pods-CurrencyExchange.debug.xcconfig */ = {isa = PBXFileReference; includeInIndex = 1; lastKnownFileType = text.xcconfig; name = "Pods-CurrencyExchange.debug.xcconfig"; path = "Pods/Target Support Files/Pods-CurrencyExchange/Pods-CurrencyExchange.debug.xcconfig"; sourceTree = "<group>"; };
		F3441BA2358BCDAE02B5ABD1 /* libPods-CurrencyExchangeTests.a */ = {isa = PBXFileReference; explicitFileType = archive.ar; includeInIndex = 0; path = "libPods-CurrencyExchangeTests.a"; sourceTree = BUILT_PRODUCTS_DIR; };
/* End PBXFileReference section */

/* Begin PBXFrameworksBuildPhase section */
		C40A6B501F08F69900ABCDFC /* Frameworks */ = {
			isa = PBXFrameworksBuildPhase;
			buildActionMask = 2147483647;
			files = (
				B03DF214C99A29A08F173054 /* libPods-CurrencyExchange.a in Frameworks */,
			);
			runOnlyForDeploymentPostprocessing = 0;
		};
		C40A6B691F08F69900ABCDFC /* Frameworks */ = {
			isa = PBXFrameworksBuildPhase;
			buildActionMask = 2147483647;
			files = (
				936F61AD22621AF260D18DC2 /* libPods-CurrencyExchangeTests.a in Frameworks */,
			);
			runOnlyForDeploymentPostprocessing = 0;
		};
		C40A6B741F08F69900ABCDFC /* Frameworks */ = {
			isa = PBXFrameworksBuildPhase;
			buildActionMask = 2147483647;
			files = (
			);
			runOnlyForDeploymentPostprocessing = 0;
		};
/* End PBXFrameworksBuildPhase section */

/* Begin PBXGroup section */
		4CA940E957E1C31AD13BF399 /* Pods */ = {
			isa = PBXGroup;
			children = (
				CD7585DFD03C7BA2D1BD1852 /* Pods-CurrencyExchange.debug.xcconfig */,
				66BF13BF919CF58939CCC50C /* Pods-CurrencyExchange.release.xcconfig */,
				960BD9560C7D467339A0F1EF /* Pods-CurrencyExchangeTests.debug.xcconfig */,
				9F15CA62677988C40E271593 /* Pods-CurrencyExchangeTests.release.xcconfig */,
			);
			name = Pods;
			sourceTree = "<group>";
		};
		C40A6B4A1F08F69900ABCDFC = {
			isa = PBXGroup;
			children = (
				C40A6B891F08F85E00ABCDFC /* Application */,
				C40A6B8F1F08F85E00ABCDFC /* Controllers */,
				C40A6B6F1F08F69900ABCDFC /* CurrencyExchangeTests */,
				C40A6B7A1F08F69900ABCDFC /* CurrencyExchangeUITests */,
				C40A6B901F08F85E00ABCDFC /* Library */,
				C40A6B911F08F85E00ABCDFC /* Models */,
				C40A6B541F08F69900ABCDFC /* Products */,
				C40A6B921F08F85E00ABCDFC /* Resources */,
				C40A6B941F08F85E00ABCDFC /* Views */,
				4CA940E957E1C31AD13BF399 /* Pods */,
				CBDBCD7DDCB557B2D456CABC /* Frameworks */,
			);
			sourceTree = "<group>";
		};
		C40A6B541F08F69900ABCDFC /* Products */ = {
			isa = PBXGroup;
			children = (
				C40A6B531F08F69900ABCDFC /* CurrencyExchange.app */,
				C40A6B6C1F08F69900ABCDFC /* CurrencyExchangeTests.xctest */,
				C40A6B771F08F69900ABCDFC /* CurrencyExchangeUITests.xctest */,
			);
			name = Products;
			sourceTree = "<group>";
		};
		C40A6B6F1F08F69900ABCDFC /* CurrencyExchangeTests */ = {
			isa = PBXGroup;
			children = (
				C40A6B701F08F69900ABCDFC /* CurrencyExchangeTests.m */,
				C40A6B721F08F69900ABCDFC /* Info.plist */,
			);
			path = CurrencyExchangeTests;
			sourceTree = "<group>";
		};
		C40A6B7A1F08F69900ABCDFC /* CurrencyExchangeUITests */ = {
			isa = PBXGroup;
			children = (
				C40A6B7B1F08F69900ABCDFC /* CurrencyExchangeUITests.m */,
				C40A6B7D1F08F69900ABCDFC /* Info.plist */,
			);
			path = CurrencyExchangeUITests;
			sourceTree = "<group>";
		};
		C40A6B891F08F85E00ABCDFC /* Application */ = {
			isa = PBXGroup;
			children = (
				C40A6B8A1F08F85E00ABCDFC /* OSTAppDelegate.h */,
				C40A6B8B1F08F85E00ABCDFC /* OSTAppDelegate.m */,
				C40A6B8C1F08F85E00ABCDFC /* Supporting Files */,
			);
			path = Application;
			sourceTree = "<group>";
		};
		C40A6B8C1F08F85E00ABCDFC /* Supporting Files */ = {
			isa = PBXGroup;
			children = (
				C40A6B8D1F08F85E00ABCDFC /* Info.plist */,
				C40A6B8E1F08F85E00ABCDFC /* main.m */,
				C40A6B9B1F08FAC800ABCDFC /* CurrencyExchange-Prefix.pch */,
			);
			path = "Supporting Files";
			sourceTree = "<group>";
		};
		C40A6B8F1F08F85E00ABCDFC /* Controllers */ = {
			isa = PBXGroup;
			children = (
				C48B873E1F0907B200E62900 /* ExchangeVC */,
			);
			path = Controllers;
			sourceTree = "<group>";
		};
		C40A6B901F08F85E00ABCDFC /* Library */ = {
			isa = PBXGroup;
			children = (
				C48B87351F09073000E62900 /* Assemblies */,
				C48B87441F0909AD00E62900 /* Helpers */,
			);
			path = Library;
			sourceTree = "<group>";
		};
		C40A6B911F08F85E00ABCDFC /* Models */ = {
			isa = PBXGroup;
			children = (
			);
			path = Models;
			sourceTree = "<group>";
		};
		C40A6B921F08F85E00ABCDFC /* Resources */ = {
			isa = PBXGroup;
			children = (
				C40A6B931F08F85E00ABCDFC /* Assets.xcassets */,
			);
			path = Resources;
			sourceTree = "<group>";
		};
		C40A6B941F08F85E00ABCDFC /* Views */ = {
			isa = PBXGroup;
			children = (
				C40A6B951F08F85E00ABCDFC /* LaunchScreen.storyboard */,
			);
			path = Views;
			sourceTree = "<group>";
		};
		C48B87351F09073000E62900 /* Assemblies */ = {
			isa = PBXGroup;
			children = (
				C48B87361F09079400E62900 /* AppAssembly */,
				C48B87391F09079400E62900 /* HelperAssembly */,
			);
			path = Assemblies;
			sourceTree = "<group>";
		};
		C48B87361F09079400E62900 /* AppAssembly */ = {
			isa = PBXGroup;
			children = (
				C48B87371F09079400E62900 /* OSTAppAssembly.h */,
				C48B87381F09079400E62900 /* OSTAppAssembly.m */,
			);
			path = AppAssembly;
			sourceTree = "<group>";
		};
		C48B87391F09079400E62900 /* HelperAssembly */ = {
			isa = PBXGroup;
			children = (
				C48B873A1F09079400E62900 /* OSTHelperAssembly.h */,
				C48B873B1F09079400E62900 /* OSTHelperAssembly.m */,
			);
			path = HelperAssembly;
			sourceTree = "<group>";
		};
		C48B873E1F0907B200E62900 /* ExchangeVC */ = {
			isa = PBXGroup;
			children = (
				C48B873F1F0907C700E62900 /* OSTExchangeVC.h */,
				C48B87401F0907C700E62900 /* OSTExchangeVC.m */,
				C48B87411F0907C700E62900 /* OSTExchangeVC.xib */,
			);
			path = ExchangeVC;
			sourceTree = "<group>";
		};
		C48B87441F0909AD00E62900 /* Helpers */ = {
			isa = PBXGroup;
			children = (
				C48B87451F0909F900E62900 /* HudHelper */,
				C48B874A1F0A55CA00E62900 /* ServerHelper */,
			);
			path = Helpers;
			sourceTree = "<group>";
		};
		C48B87451F0909F900E62900 /* HudHelper */ = {
			isa = PBXGroup;
			children = (
				C48B87461F0909F900E62900 /* OSTHudHelper.h */,
				C48B87471F0909F900E62900 /* OSTHudHelperImpl.h */,
				C48B87481F0909F900E62900 /* OSTHudHelperImpl.m */,
			);
			path = HudHelper;
			sourceTree = "<group>";
		};
		C48B874A1F0A55CA00E62900 /* ServerHelper */ = {
			isa = PBXGroup;
			children = (
				C48B874B1F0A55CA00E62900 /* OSTServerHelper.h */,
				C48B874C1F0A55CA00E62900 /* OSTServerHelperImpl.h */,
				C48B874D1F0A55CA00E62900 /* OSTServerHelperImpl.m */,
			);
			path = ServerHelper;
			sourceTree = "<group>";
		};
		CBDBCD7DDCB557B2D456CABC /* Frameworks */ = {
			isa = PBXGroup;
			children = (
				0C92576EADE7B002942802DE /* libPods-CurrencyExchange.a */,
				F3441BA2358BCDAE02B5ABD1 /* libPods-CurrencyExchangeTests.a */,
			);
			name = Frameworks;
			sourceTree = "<group>";
		};
/* End PBXGroup section */

/* Begin PBXNativeTarget section */
		C40A6B521F08F69900ABCDFC /* CurrencyExchange */ = {
			isa = PBXNativeTarget;
			buildConfigurationList = C40A6B801F08F69900ABCDFC /* Build configuration list for PBXNativeTarget "CurrencyExchange" */;
			buildPhases = (
				3E8C77DB44879EFB26A04C29 /* [CP] Check Pods Manifest.lock */,
				C40A6B4F1F08F69900ABCDFC /* Sources */,
				C40A6B501F08F69900ABCDFC /* Frameworks */,
				C40A6B511F08F69900ABCDFC /* Resources */,
				F23841E75266392D01939116 /* [CP] Embed Pods Frameworks */,
				64CAECF6B12E8B2EB5C1A7D0 /* [CP] Copy Pods Resources */,
			);
			buildRules = (
			);
			dependencies = (
			);
			name = CurrencyExchange;
			productName = CurrencyExchange;
			productReference = C40A6B531F08F69900ABCDFC /* CurrencyExchange.app */;
			productType = "com.apple.product-type.application";
		};
		C40A6B6B1F08F69900ABCDFC /* CurrencyExchangeTests */ = {
			isa = PBXNativeTarget;
			buildConfigurationList = C40A6B831F08F69900ABCDFC /* Build configuration list for PBXNativeTarget "CurrencyExchangeTests" */;
			buildPhases = (
				457FCD571E5448B91E4AA6F5 /* [CP] Check Pods Manifest.lock */,
				C40A6B681F08F69900ABCDFC /* Sources */,
				C40A6B691F08F69900ABCDFC /* Frameworks */,
				C40A6B6A1F08F69900ABCDFC /* Resources */,
				C36F60B460E8DBE7559DA99B /* [CP] Embed Pods Frameworks */,
				4135C76A7D057B249BB2C55D /* [CP] Copy Pods Resources */,
			);
			buildRules = (
			);
			dependencies = (
				C40A6B6E1F08F69900ABCDFC /* PBXTargetDependency */,
			);
			name = CurrencyExchangeTests;
			productName = CurrencyExchangeTests;
			productReference = C40A6B6C1F08F69900ABCDFC /* CurrencyExchangeTests.xctest */;
			productType = "com.apple.product-type.bundle.unit-test";
		};
		C40A6B761F08F69900ABCDFC /* CurrencyExchangeUITests */ = {
			isa = PBXNativeTarget;
			buildConfigurationList = C40A6B861F08F69900ABCDFC /* Build configuration list for PBXNativeTarget "CurrencyExchangeUITests" */;
			buildPhases = (
				C40A6B731F08F69900ABCDFC /* Sources */,
				C40A6B741F08F69900ABCDFC /* Frameworks */,
				C40A6B751F08F69900ABCDFC /* Resources */,
			);
			buildRules = (
			);
			dependencies = (
				C40A6B791F08F69900ABCDFC /* PBXTargetDependency */,
			);
			name = CurrencyExchangeUITests;
			productName = CurrencyExchangeUITests;
			productReference = C40A6B771F08F69900ABCDFC /* CurrencyExchangeUITests.xctest */;
			productType = "com.apple.product-type.bundle.ui-testing";
		};
/* End PBXNativeTarget section */

/* Begin PBXProject section */
		C40A6B4B1F08F69900ABCDFC /* Project object */ = {
			isa = PBXProject;
			attributes = {
				LastUpgradeCheck = 0830;
				ORGANIZATIONNAME = "Ilya Ostashkov";
				TargetAttributes = {
					C40A6B521F08F69900ABCDFC = {
						CreatedOnToolsVersion = 8.3.3;
						DevelopmentTeam = 756YSDKL4Z;
						ProvisioningStyle = Automatic;
					};
					C40A6B6B1F08F69900ABCDFC = {
						CreatedOnToolsVersion = 8.3.3;
						DevelopmentTeam = 756YSDKL4Z;
						ProvisioningStyle = Automatic;
						TestTargetID = C40A6B521F08F69900ABCDFC;
					};
					C40A6B761F08F69900ABCDFC = {
						CreatedOnToolsVersion = 8.3.3;
						DevelopmentTeam = 756YSDKL4Z;
						ProvisioningStyle = Automatic;
						TestTargetID = C40A6B521F08F69900ABCDFC;
					};
				};
			};
			buildConfigurationList = C40A6B4E1F08F69900ABCDFC /* Build configuration list for PBXProject "CurrencyExchange" */;
			compatibilityVersion = "Xcode 3.2";
			developmentRegion = English;
			hasScannedForEncodings = 0;
			knownRegions = (
				en,
				Base,
			);
			mainGroup = C40A6B4A1F08F69900ABCDFC;
			productRefGroup = C40A6B541F08F69900ABCDFC /* Products */;
			projectDirPath = "";
			projectRoot = "";
			targets = (
				C40A6B521F08F69900ABCDFC /* CurrencyExchange */,
				C40A6B6B1F08F69900ABCDFC /* CurrencyExchangeTests */,
				C40A6B761F08F69900ABCDFC /* CurrencyExchangeUITests */,
			);
		};
/* End PBXProject section */

/* Begin PBXResourcesBuildPhase section */
		C40A6B511F08F69900ABCDFC /* Resources */ = {
			isa = PBXResourcesBuildPhase;
			buildActionMask = 2147483647;
			files = (
				C48B87431F0907C700E62900 /* OSTExchangeVC.xib in Resources */,
				C40A6B9A1F08F85E00ABCDFC /* LaunchScreen.storyboard in Resources */,
				C40A6B991F08F85E00ABCDFC /* Assets.xcassets in Resources */,
				C40A6B971F08F85E00ABCDFC /* Info.plist in Resources */,
			);
			runOnlyForDeploymentPostprocessing = 0;
		};
		C40A6B6A1F08F69900ABCDFC /* Resources */ = {
			isa = PBXResourcesBuildPhase;
			buildActionMask = 2147483647;
			files = (
			);
			runOnlyForDeploymentPostprocessing = 0;
		};
		C40A6B751F08F69900ABCDFC /* Resources */ = {
			isa = PBXResourcesBuildPhase;
			buildActionMask = 2147483647;
			files = (
			);
			runOnlyForDeploymentPostprocessing = 0;
		};
/* End PBXResourcesBuildPhase section */

/* Begin PBXShellScriptBuildPhase section */
		3E8C77DB44879EFB26A04C29 /* [CP] Check Pods Manifest.lock */ = {
			isa = PBXShellScriptBuildPhase;
			buildActionMask = 2147483647;
			files = (
			);
			inputPaths = (
			);
			name = "[CP] Check Pods Manifest.lock";
			outputPaths = (
			);
			runOnlyForDeploymentPostprocessing = 0;
			shellPath = /bin/sh;
			shellScript = "diff \"${PODS_PODFILE_DIR_PATH}/Podfile.lock\" \"${PODS_ROOT}/Manifest.lock\" > /dev/null\nif [ $? != 0 ] ; then\n    # print error to STDERR\n    echo \"error: The sandbox is not in sync with the Podfile.lock. Run 'pod install' or update your CocoaPods installation.\" >&2\n    exit 1\nfi\n";
			showEnvVarsInLog = 0;
		};
		4135C76A7D057B249BB2C55D /* [CP] Copy Pods Resources */ = {
			isa = PBXShellScriptBuildPhase;
			buildActionMask = 2147483647;
			files = (
			);
			inputPaths = (
			);
			name = "[CP] Copy Pods Resources";
			outputPaths = (
			);
			runOnlyForDeploymentPostprocessing = 0;
			shellPath = /bin/sh;
			shellScript = "\"${SRCROOT}/Pods/Target Support Files/Pods-CurrencyExchangeTests/Pods-CurrencyExchangeTests-resources.sh\"\n";
			showEnvVarsInLog = 0;
		};
		457FCD571E5448B91E4AA6F5 /* [CP] Check Pods Manifest.lock */ = {
			isa = PBXShellScriptBuildPhase;
			buildActionMask = 2147483647;
			files = (
			);
			inputPaths = (
			);
			name = "[CP] Check Pods Manifest.lock";
			outputPaths = (
			);
			runOnlyForDeploymentPostprocessing = 0;
			shellPath = /bin/sh;
			shellScript = "diff \"${PODS_PODFILE_DIR_PATH}/Podfile.lock\" \"${PODS_ROOT}/Manifest.lock\" > /dev/null\nif [ $? != 0 ] ; then\n    # print error to STDERR\n    echo \"error: The sandbox is not in sync with the Podfile.lock. Run 'pod install' or update your CocoaPods installation.\" >&2\n    exit 1\nfi\n";
			showEnvVarsInLog = 0;
		};
		64CAECF6B12E8B2EB5C1A7D0 /* [CP] Copy Pods Resources */ = {
			isa = PBXShellScriptBuildPhase;
			buildActionMask = 2147483647;
			files = (
			);
			inputPaths = (
			);
			name = "[CP] Copy Pods Resources";
			outputPaths = (
			);
			runOnlyForDeploymentPostprocessing = 0;
			shellPath = /bin/sh;
			shellScript = "\"${SRCROOT}/Pods/Target Support Files/Pods-CurrencyExchange/Pods-CurrencyExchange-resources.sh\"\n";
			showEnvVarsInLog = 0;
		};
		C36F60B460E8DBE7559DA99B /* [CP] Embed Pods Frameworks */ = {
			isa = PBXShellScriptBuildPhase;
			buildActionMask = 2147483647;
			files = (
			);
			inputPaths = (
			);
			name = "[CP] Embed Pods Frameworks";
			outputPaths = (
			);
			runOnlyForDeploymentPostprocessing = 0;
			shellPath = /bin/sh;
			shellScript = "\"${SRCROOT}/Pods/Target Support Files/Pods-CurrencyExchangeTests/Pods-CurrencyExchangeTests-frameworks.sh\"\n";
			showEnvVarsInLog = 0;
		};
		F23841E75266392D01939116 /* [CP] Embed Pods Frameworks */ = {
			isa = PBXShellScriptBuildPhase;
			buildActionMask = 2147483647;
			files = (
			);
			inputPaths = (
			);
			name = "[CP] Embed Pods Frameworks";
			outputPaths = (
			);
			runOnlyForDeploymentPostprocessing = 0;
			shellPath = /bin/sh;
			shellScript = "\"${SRCROOT}/Pods/Target Support Files/Pods-CurrencyExchange/Pods-CurrencyExchange-frameworks.sh\"\n";
			showEnvVarsInLog = 0;
		};
/* End PBXShellScriptBuildPhase section */

/* Begin PBXSourcesBuildPhase section */
		C40A6B4F1F08F69900ABCDFC /* Sources */ = {
			isa = PBXSourcesBuildPhase;
			buildActionMask = 2147483647;
			files = (
				C48B87491F0909F900E62900 /* OSTHudHelperImpl.m in Sources */,
				C48B873D1F09079400E62900 /* OSTHelperAssembly.m in Sources */,
				C48B874E1F0A55CA00E62900 /* OSTServerHelperImpl.m in Sources */,
				C40A6B981F08F85E00ABCDFC /* main.m in Sources */,
				C48B873C1F09079400E62900 /* OSTAppAssembly.m in Sources */,
				C40A6B961F08F85E00ABCDFC /* OSTAppDelegate.m in Sources */,
				C48B87421F0907C700E62900 /* OSTExchangeVC.m in Sources */,
			);
			runOnlyForDeploymentPostprocessing = 0;
		};
		C40A6B681F08F69900ABCDFC /* Sources */ = {
			isa = PBXSourcesBuildPhase;
			buildActionMask = 2147483647;
			files = (
				C40A6B711F08F69900ABCDFC /* CurrencyExchangeTests.m in Sources */,
			);
			runOnlyForDeploymentPostprocessing = 0;
		};
		C40A6B731F08F69900ABCDFC /* Sources */ = {
			isa = PBXSourcesBuildPhase;
			buildActionMask = 2147483647;
			files = (
				C40A6B7C1F08F69900ABCDFC /* CurrencyExchangeUITests.m in Sources */,
			);
			runOnlyForDeploymentPostprocessing = 0;
		};
/* End PBXSourcesBuildPhase section */

/* Begin PBXTargetDependency section */
		C40A6B6E1F08F69900ABCDFC /* PBXTargetDependency */ = {
			isa = PBXTargetDependency;
			target = C40A6B521F08F69900ABCDFC /* CurrencyExchange */;
			targetProxy = C40A6B6D1F08F69900ABCDFC /* PBXContainerItemProxy */;
		};
		C40A6B791F08F69900ABCDFC /* PBXTargetDependency */ = {
			isa = PBXTargetDependency;
			target = C40A6B521F08F69900ABCDFC /* CurrencyExchange */;
			targetProxy = C40A6B781F08F69900ABCDFC /* PBXContainerItemProxy */;
		};
/* End PBXTargetDependency section */

/* Begin XCBuildConfiguration section */
		C40A6B7E1F08F69900ABCDFC /* Debug */ = {
			isa = XCBuildConfiguration;
			buildSettings = {
				ALWAYS_SEARCH_USER_PATHS = NO;
				CLANG_ANALYZER_NONNULL = YES;
				CLANG_ANALYZER_NUMBER_OBJECT_CONVERSION = YES_AGGRESSIVE;
				CLANG_CXX_LANGUAGE_STANDARD = "gnu++0x";
				CLANG_CXX_LIBRARY = "libc++";
				CLANG_ENABLE_MODULES = YES;
				CLANG_ENABLE_OBJC_ARC = YES;
				CLANG_WARN_BOOL_CONVERSION = YES;
				CLANG_WARN_CONSTANT_CONVERSION = YES;
				CLANG_WARN_DIRECT_OBJC_ISA_USAGE = YES_ERROR;
				CLANG_WARN_DOCUMENTATION_COMMENTS = YES;
				CLANG_WARN_EMPTY_BODY = YES;
				CLANG_WARN_ENUM_CONVERSION = YES;
				CLANG_WARN_INFINITE_RECURSION = YES;
				CLANG_WARN_INT_CONVERSION = YES;
				CLANG_WARN_OBJC_ROOT_CLASS = YES_ERROR;
				CLANG_WARN_SUSPICIOUS_MOVE = YES;
				CLANG_WARN_UNREACHABLE_CODE = YES;
				CLANG_WARN__DUPLICATE_METHOD_MATCH = YES;
				"CODE_SIGN_IDENTITY[sdk=iphoneos*]" = "iPhone Developer";
				COPY_PHASE_STRIP = NO;
				DEBUG_INFORMATION_FORMAT = dwarf;
				ENABLE_STRICT_OBJC_MSGSEND = YES;
				ENABLE_TESTABILITY = YES;
				GCC_C_LANGUAGE_STANDARD = gnu99;
				GCC_DYNAMIC_NO_PIC = NO;
				GCC_NO_COMMON_BLOCKS = YES;
				GCC_OPTIMIZATION_LEVEL = 0;
				GCC_PREPROCESSOR_DEFINITIONS = (
					"DEBUG=1",
					"$(inherited)",
				);
				GCC_WARN_64_TO_32_BIT_CONVERSION = YES;
				GCC_WARN_ABOUT_RETURN_TYPE = YES_ERROR;
				GCC_WARN_UNDECLARED_SELECTOR = YES;
				GCC_WARN_UNINITIALIZED_AUTOS = YES_AGGRESSIVE;
				GCC_WARN_UNUSED_FUNCTION = YES;
				GCC_WARN_UNUSED_VARIABLE = YES;
				IPHONEOS_DEPLOYMENT_TARGET = 10.3;
				MTL_ENABLE_DEBUG_INFO = YES;
				ONLY_ACTIVE_ARCH = YES;
				SDKROOT = iphoneos;
				TARGETED_DEVICE_FAMILY = "1,2";
			};
			name = Debug;
		};
		C40A6B7F1F08F69900ABCDFC /* Release */ = {
			isa = XCBuildConfiguration;
			buildSettings = {
				ALWAYS_SEARCH_USER_PATHS = NO;
				CLANG_ANALYZER_NONNULL = YES;
				CLANG_ANALYZER_NUMBER_OBJECT_CONVERSION = YES_AGGRESSIVE;
				CLANG_CXX_LANGUAGE_STANDARD = "gnu++0x";
				CLANG_CXX_LIBRARY = "libc++";
				CLANG_ENABLE_MODULES = YES;
				CLANG_ENABLE_OBJC_ARC = YES;
				CLANG_WARN_BOOL_CONVERSION = YES;
				CLANG_WARN_CONSTANT_CONVERSION = YES;
				CLANG_WARN_DIRECT_OBJC_ISA_USAGE = YES_ERROR;
				CLANG_WARN_DOCUMENTATION_COMMENTS = YES;
				CLANG_WARN_EMPTY_BODY = YES;
				CLANG_WARN_ENUM_CONVERSION = YES;
				CLANG_WARN_INFINITE_RECURSION = YES;
				CLANG_WARN_INT_CONVERSION = YES;
				CLANG_WARN_OBJC_ROOT_CLASS = YES_ERROR;
				CLANG_WARN_SUSPICIOUS_MOVE = YES;
				CLANG_WARN_UNREACHABLE_CODE = YES;
				CLANG_WARN__DUPLICATE_METHOD_MATCH = YES;
				"CODE_SIGN_IDENTITY[sdk=iphoneos*]" = "iPhone Developer";
				COPY_PHASE_STRIP = NO;
				DEBUG_INFORMATION_FORMAT = "dwarf-with-dsym";
				ENABLE_NS_ASSERTIONS = NO;
				ENABLE_STRICT_OBJC_MSGSEND = YES;
				GCC_C_LANGUAGE_STANDARD = gnu99;
				GCC_NO_COMMON_BLOCKS = YES;
				GCC_WARN_64_TO_32_BIT_CONVERSION = YES;
				GCC_WARN_ABOUT_RETURN_TYPE = YES_ERROR;
				GCC_WARN_UNDECLARED_SELECTOR = YES;
				GCC_WARN_UNINITIALIZED_AUTOS = YES_AGGRESSIVE;
				GCC_WARN_UNUSED_FUNCTION = YES;
				GCC_WARN_UNUSED_VARIABLE = YES;
				IPHONEOS_DEPLOYMENT_TARGET = 10.3;
				MTL_ENABLE_DEBUG_INFO = NO;
				SDKROOT = iphoneos;
				TARGETED_DEVICE_FAMILY = "1,2";
				VALIDATE_PRODUCT = YES;
			};
			name = Release;
		};
		C40A6B811F08F69900ABCDFC /* Debug */ = {
			isa = XCBuildConfiguration;
			baseConfigurationReference = CD7585DFD03C7BA2D1BD1852 /* Pods-CurrencyExchange.debug.xcconfig */;
			buildSettings = {
				ASSETCATALOG_COMPILER_APPICON_NAME = AppIcon;
				DEVELOPMENT_TEAM = 756YSDKL4Z;
				GCC_PREFIX_HEADER = "Application/Supporting Files/CurrencyExchange-Prefix.pch";
				INFOPLIST_FILE = "Application/Supporting Files/Info.plist";
				LD_RUNPATH_SEARCH_PATHS = "$(inherited) @executable_path/Frameworks";
				PRODUCT_BUNDLE_IDENTIFIER = com.ostasoft.CurrencyExchange;
				PRODUCT_NAME = "$(TARGET_NAME)";
			};
			name = Debug;
		};
		C40A6B821F08F69900ABCDFC /* Release */ = {
			isa = XCBuildConfiguration;
			baseConfigurationReference = 66BF13BF919CF58939CCC50C /* Pods-CurrencyExchange.release.xcconfig */;
			buildSettings = {
				ASSETCATALOG_COMPILER_APPICON_NAME = AppIcon;
				DEVELOPMENT_TEAM = 756YSDKL4Z;
				GCC_PREFIX_HEADER = "Application/Supporting Files/CurrencyExchange-Prefix.pch";
				INFOPLIST_FILE = "Application/Supporting Files/Info.plist";
				LD_RUNPATH_SEARCH_PATHS = "$(inherited) @executable_path/Frameworks";
				PRODUCT_BUNDLE_IDENTIFIER = com.ostasoft.CurrencyExchange;
				PRODUCT_NAME = "$(TARGET_NAME)";
			};
			name = Release;
		};
		C40A6B841F08F69900ABCDFC /* Debug */ = {
			isa = XCBuildConfiguration;
			baseConfigurationReference = 960BD9560C7D467339A0F1EF /* Pods-CurrencyExchangeTests.debug.xcconfig */;
			buildSettings = {
				BUNDLE_LOADER = "$(TEST_HOST)";
				DEVELOPMENT_TEAM = 756YSDKL4Z;
				INFOPLIST_FILE = CurrencyExchangeTests/Info.plist;
				LD_RUNPATH_SEARCH_PATHS = "$(inherited) @executable_path/Frameworks @loader_path/Frameworks";
				PRODUCT_BUNDLE_IDENTIFIER = Ostasoft.CurrencyExchangeTests;
				PRODUCT_NAME = "$(TARGET_NAME)";
				TEST_HOST = "$(BUILT_PRODUCTS_DIR)/CurrencyExchange.app/CurrencyExchange";
			};
			name = Debug;
		};
		C40A6B851F08F69900ABCDFC /* Release */ = {
			isa = XCBuildConfiguration;
			baseConfigurationReference = 9F15CA62677988C40E271593 /* Pods-CurrencyExchangeTests.release.xcconfig */;
			buildSettings = {
				BUNDLE_LOADER = "$(TEST_HOST)";
				DEVELOPMENT_TEAM = 756YSDKL4Z;
				INFOPLIST_FILE = CurrencyExchangeTests/Info.plist;
				LD_RUNPATH_SEARCH_PATHS = "$(inherited) @executable_path/Frameworks @loader_path/Frameworks";
				PRODUCT_BUNDLE_IDENTIFIER = Ostasoft.CurrencyExchangeTests;
				PRODUCT_NAME = "$(TARGET_NAME)";
				TEST_HOST = "$(BUILT_PRODUCTS_DIR)/CurrencyExchange.app/CurrencyExchange";
			};
			name = Release;
		};
		C40A6B871F08F69900ABCDFC /* Debug */ = {
			isa = XCBuildConfiguration;
			buildSettings = {
				DEVELOPMENT_TEAM = 756YSDKL4Z;
				INFOPLIST_FILE = CurrencyExchangeUITests/Info.plist;
				LD_RUNPATH_SEARCH_PATHS = "$(inherited) @executable_path/Frameworks @loader_path/Frameworks";
				PRODUCT_BUNDLE_IDENTIFIER = Ostasoft.CurrencyExchangeUITests;
				PRODUCT_NAME = "$(TARGET_NAME)";
				TEST_TARGET_NAME = CurrencyExchange;
			};
			name = Debug;
		};
		C40A6B881F08F69900ABCDFC /* Release */ = {
			isa = XCBuildConfiguration;
			buildSettings = {
				DEVELOPMENT_TEAM = 756YSDKL4Z;
				INFOPLIST_FILE = CurrencyExchangeUITests/Info.plist;
				LD_RUNPATH_SEARCH_PATHS = "$(inherited) @executable_path/Frameworks @loader_path/Frameworks";
				PRODUCT_BUNDLE_IDENTIFIER = Ostasoft.CurrencyExchangeUITests;
				PRODUCT_NAME = "$(TARGET_NAME)";
				TEST_TARGET_NAME = CurrencyExchange;
			};
			name = Release;
		};
/* End XCBuildConfiguration section */

/* Begin XCConfigurationList section */
		C40A6B4E1F08F69900ABCDFC /* Build configuration list for PBXProject "CurrencyExchange" */ = {
			isa = XCConfigurationList;
			buildConfigurations = (
				C40A6B7E1F08F69900ABCDFC /* Debug */,
				C40A6B7F1F08F69900ABCDFC /* Release */,
			);
			defaultConfigurationIsVisible = 0;
			defaultConfigurationName = Release;
		};
		C40A6B801F08F69900ABCDFC /* Build configuration list for PBXNativeTarget "CurrencyExchange" */ = {
			isa = XCConfigurationList;
			buildConfigurations = (
				C40A6B811F08F69900ABCDFC /* Debug */,
				C40A6B821F08F69900ABCDFC /* Release */,
			);
			defaultConfigurationIsVisible = 0;
			defaultConfigurationName = Release;
		};
		C40A6B831F08F69900ABCDFC /* Build configuration list for PBXNativeTarget "CurrencyExchangeTests" */ = {
			isa = XCConfigurationList;
			buildConfigurations = (
				C40A6B841F08F69900ABCDFC /* Debug */,
				C40A6B851F08F69900ABCDFC /* Release */,
			);
			defaultConfigurationIsVisible = 0;
			defaultConfigurationName = Release;
		};
		C40A6B861F08F69900ABCDFC /* Build configuration list for PBXNativeTarget "CurrencyExchangeUITests" */ = {
			isa = XCConfigurationList;
			buildConfigurations = (
				C40A6B871F08F69900ABCDFC /* Debug */,
				C40A6B881F08F69900ABCDFC /* Release */,
			);
			defaultConfigurationIsVisible = 0;
			defaultConfigurationName = Release;
		};
/* End XCConfigurationList section */
	};
	rootObject = C40A6B4B1F08F69900ABCDFC /* Project object */;
}
